
Microsoft Visual Studio Solution File, Format Version 10.00
# Visual Studio 2008
# Ranorex Studio 3.1.0.0
Project("{FAE04EC0-301F-11D3-BF4B-00C04F79EFBC}") = "process40", "process40\process40.csproj", "{C29B2ABB-DC42-4567-B9A8-1855846DC28E}"
EndProject
Global
	GlobalSection(SolutionConfigurationPlatforms) = preSolution
		Debug|x86 = Debug|x86
		Release|x86 = Release|x86
	EndGlobalSection
	GlobalSection(ProjectConfigurationPlatforms) = postSolution
		{C29B2ABB-DC42-4567-B9A8-1855846DC28E}.Debug|x86.Build.0 = Debug|x86
		{C29B2ABB-DC42-4567-B9A8-1855846DC28E}.Debug|x86.ActiveCfg = Debug|x86
		{C29B2ABB-DC42-4567-B9A8-1855846DC28E}.Release|x86.Build.0 = Release|x86
		{C29B2ABB-DC42-4567-B9A8-1855846DC28E}.Release|x86.ActiveCfg = Release|x86
	EndGlobalSection
EndGlobal
